
Microsoft Visual Studio Solution File, Format Version 12.00
# Visual Studio Version 16
VisualStudioVersion = 16.0.29009.5
MinimumVisualStudioVersion = 10.0.40219.1
Project("{9A19103F-16F7-4668-BE54-9A1E7A4F7556}") = "LabSheet2Q2", "LabSheet2Q2\LabSheet2Q2.csproj", "{1AB1D03F-6E71-4638-96B7-A8FB7E683408}"
EndProject
Project("{9A19103F-16F7-4668-BE54-9A1E7A4F7556}") = "LabSheet2Q3", "LabSheet2Q3\LabSheet2Q3.csproj", "{B144EC22-C983-471F-B51E-2B96DC15C356}"
EndProject
Project("{FAE04EC0-301F-11D3-BF4B-00C04F79EFBC}") = "Labsheet2Q4", "Labsheet2Q4\Labsheet2Q4.csproj", "{26B80226-30A5-45FB-A694-06B94F239E15}"
EndProject
Global
	GlobalSection(SolutionConfigurationPlatforms) = preSolution
		Debug|Any CPU = Debug|Any CPU
		Release|Any CPU = Release|Any CPU
	EndGlobalSection
	GlobalSection(ProjectConfigurationPlatforms) = postSolution
		{1AB1D03F-6E71-4638-96B7-A8FB7E683408}.Debug|Any CPU.ActiveCfg = Debug|Any CPU
		{1AB1D03F-6E71-4638-96B7-A8FB7E683408}.Debug|Any CPU.Build.0 = Debug|Any CPU
		{1AB1D03F-6E71-4638-96B7-A8FB7E683408}.Release|Any CPU.ActiveCfg = Release|Any CPU
		{1AB1D03F-6E71-4638-96B7-A8FB7E683408}.Release|Any CPU.Build.0 = Release|Any CPU
		{B144EC22-C983-471F-B51E-2B96DC15C356}.Debug|Any CPU.ActiveCfg = Debug|Any CPU
		{B144EC22-C983-471F-B51E-2B96DC15C356}.Debug|Any CPU.Build.0 = Debug|Any CPU
		{B144EC22-C983-471F-B51E-2B96DC15C356}.Release|Any CPU.ActiveCfg = Release|Any CPU
		{B144EC22-C983-471F-B51E-2B96DC15C356}.Release|Any CPU.Build.0 = Release|Any CPU
		{26B80226-30A5-45FB-A694-06B94F239E15}.Debug|Any CPU.ActiveCfg = Debug|Any CPU
		{26B80226-30A5-45FB-A694-06B94F239E15}.Debug|Any CPU.Build.0 = Debug|Any CPU
		{26B80226-30A5-45FB-A694-06B94F239E15}.Release|Any CPU.ActiveCfg = Release|Any CPU
		{26B80226-30A5-45FB-A694-06B94F239E15}.Release|Any CPU.Build.0 = Release|Any CPU
	EndGlobalSection
	GlobalSection(SolutionProperties) = preSolution
		HideSolutionNode = FALSE
	EndGlobalSection
	GlobalSection(ExtensibilityGlobals) = postSolution
		SolutionGuid = {14C62390-E604-405A-8D83-04A1BFCC00B0}
	EndGlobalSection
EndGlobal
