
Microsoft Visual Studio Solution File, Format Version 12.00
# Visual Studio Version 16
VisualStudioVersion = 16.0.29009.5
MinimumVisualStudioVersion = 10.0.40219.1
Project("{FAE04EC0-301F-11D3-BF4B-00C04F79EFBC}") = "week1Q6", "..\ConsoleApp1\week1Q6.csproj", "{EDF45109-1D40-4548-825B-B4F9D48D19B9}"
EndProject
Project("{FAE04EC0-301F-11D3-BF4B-00C04F79EFBC}") = "week1Q7", "..\week1Q7\week1Q7.csproj", "{EC9E02A0-34FA-4E04-9632-5EE927336C04}"
EndProject
Project("{FAE04EC0-301F-11D3-BF4B-00C04F79EFBC}") = "week1Q8", "..\week1Q8\week1Q8.csproj", "{51D5BEC0-94B8-4D6C-98A5-3BFF3C78D86F}"
EndProject
Project("{FAE04EC0-301F-11D3-BF4B-00C04F79EFBC}") = "week1Q10", "..\week1Q10\week1Q10.csproj", "{CE72E864-1689-4527-A77F-865E3DE0CC77}"
EndProject
Global
	GlobalSection(SolutionConfigurationPlatforms) = preSolution
		Debug|Any CPU = Debug|Any CPU
		Release|Any CPU = Release|Any CPU
	EndGlobalSection
	GlobalSection(ProjectConfigurationPlatforms) = postSolution
		{EDF45109-1D40-4548-825B-B4F9D48D19B9}.Debug|Any CPU.ActiveCfg = Debug|Any CPU
		{EDF45109-1D40-4548-825B-B4F9D48D19B9}.Debug|Any CPU.Build.0 = Debug|Any CPU
		{EDF45109-1D40-4548-825B-B4F9D48D19B9}.Release|Any CPU.ActiveCfg = Release|Any CPU
		{EDF45109-1D40-4548-825B-B4F9D48D19B9}.Release|Any CPU.Build.0 = Release|Any CPU
		{EC9E02A0-34FA-4E04-9632-5EE927336C04}.Debug|Any CPU.ActiveCfg = Debug|Any CPU
		{EC9E02A0-34FA-4E04-9632-5EE927336C04}.Debug|Any CPU.Build.0 = Debug|Any CPU
		{EC9E02A0-34FA-4E04-9632-5EE927336C04}.Release|Any CPU.ActiveCfg = Release|Any CPU
		{EC9E02A0-34FA-4E04-9632-5EE927336C04}.Release|Any CPU.Build.0 = Release|Any CPU
		{51D5BEC0-94B8-4D6C-98A5-3BFF3C78D86F}.Debug|Any CPU.ActiveCfg = Debug|Any CPU
		{51D5BEC0-94B8-4D6C-98A5-3BFF3C78D86F}.Debug|Any CPU.Build.0 = Debug|Any CPU
		{51D5BEC0-94B8-4D6C-98A5-3BFF3C78D86F}.Release|Any CPU.ActiveCfg = Release|Any CPU
		{51D5BEC0-94B8-4D6C-98A5-3BFF3C78D86F}.Release|Any CPU.Build.0 = Release|Any CPU
		{CE72E864-1689-4527-A77F-865E3DE0CC77}.Debug|Any CPU.ActiveCfg = Debug|Any CPU
		{CE72E864-1689-4527-A77F-865E3DE0CC77}.Debug|Any CPU.Build.0 = Debug|Any CPU
		{CE72E864-1689-4527-A77F-865E3DE0CC77}.Release|Any CPU.ActiveCfg = Release|Any CPU
		{CE72E864-1689-4527-A77F-865E3DE0CC77}.Release|Any CPU.Build.0 = Release|Any CPU
	EndGlobalSection
	GlobalSection(SolutionProperties) = preSolution
		HideSolutionNode = FALSE
	EndGlobalSection
	GlobalSection(ExtensibilityGlobals) = postSolution
		SolutionGuid = {FEA8CCD4-D568-4E87-81A0-A0031F275369}
	EndGlobalSection
EndGlobal
