
Microsoft Visual Studio Solution File, Format Version 12.00
# Visual Studio Version 16
VisualStudioVersion = 16.0.29009.5
MinimumVisualStudioVersion = 10.0.40219.1
Project("{FAE04EC0-301F-11D3-BF4B-00C04F79EFBC}") = "Week 9", "Week 9\Week 9.csproj", "{4B14EE01-8E72-48E0-A735-E53A33CAFB94}"
EndProject
Project("{FAE04EC0-301F-11D3-BF4B-00C04F79EFBC}") = "week 9 P2", "week 9 P2\week 9 P2.csproj", "{C399F7A2-491E-4445-AF1D-A9AB5824CEE5}"
EndProject
Global
	GlobalSection(SolutionConfigurationPlatforms) = preSolution
		Debug|Any CPU = Debug|Any CPU
		Release|Any CPU = Release|Any CPU
	EndGlobalSection
	GlobalSection(ProjectConfigurationPlatforms) = postSolution
		{4B14EE01-8E72-48E0-A735-E53A33CAFB94}.Debug|Any CPU.ActiveCfg = Debug|Any CPU
		{4B14EE01-8E72-48E0-A735-E53A33CAFB94}.Release|Any CPU.ActiveCfg = Release|Any CPU
		{4B14EE01-8E72-48E0-A735-E53A33CAFB94}.Release|Any CPU.Build.0 = Release|Any CPU
		{C399F7A2-491E-4445-AF1D-A9AB5824CEE5}.Debug|Any CPU.ActiveCfg = Debug|Any CPU
		{C399F7A2-491E-4445-AF1D-A9AB5824CEE5}.Debug|Any CPU.Build.0 = Debug|Any CPU
		{C399F7A2-491E-4445-AF1D-A9AB5824CEE5}.Release|Any CPU.ActiveCfg = Release|Any CPU
		{C399F7A2-491E-4445-AF1D-A9AB5824CEE5}.Release|Any CPU.Build.0 = Release|Any CPU
	EndGlobalSection
	GlobalSection(SolutionProperties) = preSolution
		HideSolutionNode = FALSE
	EndGlobalSection
	GlobalSection(ExtensibilityGlobals) = postSolution
		SolutionGuid = {FE0802B0-7B67-4517-9F4E-F3E567AA3381}
	EndGlobalSection
EndGlobal
