
Microsoft Visual Studio Solution File, Format Version 12.00
# Visual Studio Version 16
VisualStudioVersion = 16.0.29009.5
MinimumVisualStudioVersion = 10.0.40219.1
Project("{FAE04EC0-301F-11D3-BF4B-00C04F79EFBC}") = "Labsheet7", "Labsheet7\Labsheet7.csproj", "{68A73A82-7D93-44A1-BE00-4BB327BBD431}"
EndProject
Global
	GlobalSection(SolutionConfigurationPlatforms) = preSolution
		Debug|Any CPU = Debug|Any CPU
		Release|Any CPU = Release|Any CPU
	EndGlobalSection
	GlobalSection(ProjectConfigurationPlatforms) = postSolution
		{68A73A82-7D93-44A1-BE00-4BB327BBD431}.Debug|Any CPU.ActiveCfg = Debug|Any CPU
		{68A73A82-7D93-44A1-BE00-4BB327BBD431}.Debug|Any CPU.Build.0 = Debug|Any CPU
		{68A73A82-7D93-44A1-BE00-4BB327BBD431}.Release|Any CPU.ActiveCfg = Release|Any CPU
		{68A73A82-7D93-44A1-BE00-4BB327BBD431}.Release|Any CPU.Build.0 = Release|Any CPU
	EndGlobalSection
	GlobalSection(SolutionProperties) = preSolution
		HideSolutionNode = FALSE
	EndGlobalSection
	GlobalSection(ExtensibilityGlobals) = postSolution
		SolutionGuid = {4A3A31A7-85D3-4467-9D2B-460170721DB6}
	EndGlobalSection
EndGlobal
