
Microsoft Visual Studio Solution File, Format Version 12.00
# Visual Studio Version 16
VisualStudioVersion = 16.0.29009.5
MinimumVisualStudioVersion = 10.0.40219.1
Project("{FAE04EC0-301F-11D3-BF4B-00C04F79EFBC}") = "LabSheet4", "LabSheet4\LabSheet4.csproj", "{E6051064-ECAA-490A-9133-A44631ED67D5}"
EndProject
Global
	GlobalSection(SolutionConfigurationPlatforms) = preSolution
		Debug|Any CPU = Debug|Any CPU
		Release|Any CPU = Release|Any CPU
	EndGlobalSection
	GlobalSection(ProjectConfigurationPlatforms) = postSolution
		{E6051064-ECAA-490A-9133-A44631ED67D5}.Debug|Any CPU.ActiveCfg = Debug|Any CPU
		{E6051064-ECAA-490A-9133-A44631ED67D5}.Debug|Any CPU.Build.0 = Debug|Any CPU
		{E6051064-ECAA-490A-9133-A44631ED67D5}.Release|Any CPU.ActiveCfg = Release|Any CPU
		{E6051064-ECAA-490A-9133-A44631ED67D5}.Release|Any CPU.Build.0 = Release|Any CPU
	EndGlobalSection
	GlobalSection(SolutionProperties) = preSolution
		HideSolutionNode = FALSE
	EndGlobalSection
	GlobalSection(ExtensibilityGlobals) = postSolution
		SolutionGuid = {265539EA-2918-4B3F-B887-705D05746DBB}
	EndGlobalSection
EndGlobal
